{
  "requires": true,
  "lockfileVersion": 1,
  "dependencies": {
    "emailjs-com": {
      "version": "2.3.2",
      "resolved": "https://registry.npmjs.org/emailjs-com/-/emailjs-com-2.3.2.tgz",
      "integrity": "sha512-dI6vjLGHDNTOOY0vNx6HZm95ey1aKCtkdOPLC2UYkCgV8QSJCuMY/JlxjXD3BXOvu4X4qn+XCN3DTUz1OiewAg=="
    }
  }
}
